
Microsoft Visual Studio Solution File, Format Version 12.00
# Visual Studio Version 17
VisualStudioVersion = 17.4.33205.214
MinimumVisualStudioVersion = 10.0.40219.1
Project("{9A19103F-16F7-4668-BE54-9A1E7A4F7556}") = "Lab0", "Lab0\Lab0.csproj", "{7E2FDD01-DB57-44D3-896B-A4E9FD1148EF}"
EndProject
Global
	GlobalSection(SolutionConfigurationPlatforms) = preSolution
		Debug|Any CPU = Debug|Any CPU
		Release|Any CPU = Release|Any CPU
	EndGlobalSection
	GlobalSection(ProjectConfigurationPlatforms) = postSolution
		{7E2FDD01-DB57-44D3-896B-A4E9FD1148EF}.Debug|Any CPU.ActiveCfg = Debug|Any CPU
		{7E2FDD01-DB57-44D3-896B-A4E9FD1148EF}.Debug|Any CPU.Build.0 = Debug|Any CPU
		{7E2FDD01-DB57-44D3-896B-A4E9FD1148EF}.Release|Any CPU.ActiveCfg = Release|Any CPU
		{7E2FDD01-DB57-44D3-896B-A4E9FD1148EF}.Release|Any CPU.Build.0 = Release|Any CPU
	EndGlobalSection
	GlobalSection(SolutionProperties) = preSolution
		HideSolutionNode = FALSE
	EndGlobalSection
	GlobalSection(ExtensibilityGlobals) = postSolution
		SolutionGuid = {DDD22CDA-33E4-4514-B408-32F681C8572D}
	EndGlobalSection
EndGlobal
